
Microsoft Visual Studio Solution File, Format Version 12.00
# Visual Studio Version 16
VisualStudioVersion = 16.0.31624.102
MinimumVisualStudioVersion = 10.0.40219.1
Project("{FAE04EC0-301F-11D3-BF4B-00C04F79EFBC}") = "Cadenadecaracteres", "Cadenadecaracteres\Cadenadecaracteres.csproj", "{7134D3DE-583D-451F-9F73-8E6D08984B52}"
EndProject
Global
	GlobalSection(SolutionConfigurationPlatforms) = preSolution
		Debug|Any CPU = Debug|Any CPU
		Release|Any CPU = Release|Any CPU
	EndGlobalSection
	GlobalSection(ProjectConfigurationPlatforms) = postSolution
		{7134D3DE-583D-451F-9F73-8E6D08984B52}.Debug|Any CPU.ActiveCfg = Debug|Any CPU
		{7134D3DE-583D-451F-9F73-8E6D08984B52}.Debug|Any CPU.Build.0 = Debug|Any CPU
		{7134D3DE-583D-451F-9F73-8E6D08984B52}.Release|Any CPU.ActiveCfg = Release|Any CPU
		{7134D3DE-583D-451F-9F73-8E6D08984B52}.Release|Any CPU.Build.0 = Release|Any CPU
	EndGlobalSection
	GlobalSection(SolutionProperties) = preSolution
		HideSolutionNode = FALSE
	EndGlobalSection
	GlobalSection(ExtensibilityGlobals) = postSolution
		SolutionGuid = {85D6A4BC-8833-4715-8201-DC1622156A6C}
	EndGlobalSection
EndGlobal
